
Microsoft Visual Studio Solution File, Format Version 12.00
# Visual Studio Version 17
VisualStudioVersion = 17.5.33502.453
MinimumVisualStudioVersion = 10.0.40219.1
Project("{9A19103F-16F7-4668-BE54-9A1E7A4F7556}") = "GoveeAPIController", "GoveeAPIController\GoveeAPIController.csproj", "{8F8CF2ED-40CF-4F15-8B64-F536F71A7300}"
EndProject
Global
	GlobalSection(SolutionConfigurationPlatforms) = preSolution
		Debug|Any CPU = Debug|Any CPU
		Release|Any CPU = Release|Any CPU
	EndGlobalSection
	GlobalSection(ProjectConfigurationPlatforms) = postSolution
		{8F8CF2ED-40CF-4F15-8B64-F536F71A7300}.Debug|Any CPU.ActiveCfg = Debug|Any CPU
		{8F8CF2ED-40CF-4F15-8B64-F536F71A7300}.Debug|Any CPU.Build.0 = Debug|Any CPU
		{8F8CF2ED-40CF-4F15-8B64-F536F71A7300}.Release|Any CPU.ActiveCfg = Release|Any CPU
		{8F8CF2ED-40CF-4F15-8B64-F536F71A7300}.Release|Any CPU.Build.0 = Release|Any CPU
	EndGlobalSection
	GlobalSection(SolutionProperties) = preSolution
		HideSolutionNode = FALSE
	EndGlobalSection
	GlobalSection(ExtensibilityGlobals) = postSolution
		SolutionGuid = {1BC31D42-DC4C-4815-B20C-0444A8AC50CE}
	EndGlobalSection
EndGlobal
